
Microsoft Visual Studio Solution File, Format Version 11.00
# Visual Basic Express 2010
Project("{F184B08F-C81C-45F6-A57F-5ABD9991F28F}") = "Restool v4.0", "Restool v3.0\Restool v4.0.vbproj", "{9E4A33A9-B9E8-4A4F-861C-94022CF332DE}"
EndProject
Global
	GlobalSection(SolutionConfigurationPlatforms) = preSolution
		Debug|Any CPU = Debug|Any CPU
		Release|Any CPU = Release|Any CPU
	EndGlobalSection
	GlobalSection(ProjectConfigurationPlatforms) = postSolution
		{9E4A33A9-B9E8-4A4F-861C-94022CF332DE}.Debug|Any CPU.ActiveCfg = Debug|Any CPU
		{9E4A33A9-B9E8-4A4F-861C-94022CF332DE}.Debug|Any CPU.Build.0 = Debug|Any CPU
		{9E4A33A9-B9E8-4A4F-861C-94022CF332DE}.Release|Any CPU.ActiveCfg = Release|Any CPU
		{9E4A33A9-B9E8-4A4F-861C-94022CF332DE}.Release|Any CPU.Build.0 = Release|Any CPU
	EndGlobalSection
	GlobalSection(SolutionProperties) = preSolution
		HideSolutionNode = FALSE
	EndGlobalSection
EndGlobal
